{
  "name": "webbluetooth-tester",
  "version": "0.0.1",
  "lockfileVersion": 1,
  "requires": true,
  "dependencies": {
    "@types/web-bluetooth": {
      "version": "0.0.3",
      "resolved": "https://registry.npmjs.org/@types/web-bluetooth/-/web-bluetooth-0.0.3.tgz",
      "integrity": "sha512-Pk4ArFI+nyf4wkqKwR4tTNMEmuMoccDns8mqL/9wty/mCJAutPgc0rO42ywxa3WD06K75xkg0jYglp6hx5s2XA=="
    },
    "lit-html": {
      "version": "0.7.1",
      "resolved": "https://registry.npmjs.org/lit-html/-/lit-html-0.7.1.tgz",
      "integrity": "sha512-8L4kJaaE2sMUtaAOPr75tsgAakNIGUtroHsW4KpMO0LtLpjJXPt0WkS7guY3PB0MhM9mvIOCY/D9KamPB7GnDw=="
    }
  }
}
